// !$*UTF8*$!
{
	archiveVersion = 1;
	classes = {
	};
	objectVersion = 55;
	objects = {

/* Begin PBXBuildFile section */
		A19A4728282148AE00FF5A26 /* AppDelegate.swift in Sources */ = {isa = PBXBuildFile; fileRef = A19A4727282148AE00FF5A26 /* AppDelegate.swift */; };
		A19A472A282148AE00FF5A26 /* SceneDelegate.swift in Sources */ = {isa = PBXBuildFile; fileRef = A19A4729282148AE00FF5A26 /* SceneDelegate.swift */; };
		A19A472C282148AE00FF5A26 /* RegistrationViewController.swift in Sources */ = {isa = PBXBuildFile; fileRef = A19A472B282148AE00FF5A26 /* RegistrationViewController.swift */; };
		A19A4732282148AE00FF5A26 /* InstagramLocalTestTask.xcdatamodeld in Sources */ = {isa = PBXBuildFile; fileRef = A19A4730282148AE00FF5A26 /* InstagramLocalTestTask.xcdatamodeld */; };
		A19A4734282148B000FF5A26 /* Assets.xcassets in Resources */ = {isa = PBXBuildFile; fileRef = A19A4733282148B000FF5A26 /* Assets.xcassets */; };
		A19A4737282148B000FF5A26 /* LaunchScreen.storyboard in Resources */ = {isa = PBXBuildFile; fileRef = A19A4735282148B000FF5A26 /* LaunchScreen.storyboard */; };
		A19A474828214B3900FF5A26 /* Registration.storyboard in Resources */ = {isa = PBXBuildFile; fileRef = A19A474728214B3900FF5A26 /* Registration.storyboard */; };
		A19A474A282153F900FF5A26 /* Login.storyboard in Resources */ = {isa = PBXBuildFile; fileRef = A19A4749282153F900FF5A26 /* Login.storyboard */; };
		A19A474C2821599400FF5A26 /* Profile.storyboard in Resources */ = {isa = PBXBuildFile; fileRef = A19A474B2821599400FF5A26 /* Profile.storyboard */; };
		A19A474E28215A7C00FF5A26 /* TabBar.storyboard in Resources */ = {isa = PBXBuildFile; fileRef = A19A474D28215A7C00FF5A26 /* TabBar.storyboard */; };
		A19A47502821745400FF5A26 /* Posts.storyboard in Resources */ = {isa = PBXBuildFile; fileRef = A19A474F2821745400FF5A26 /* Posts.storyboard */; };
		A19A4753282292F500FF5A26 /* LoginViewController.swift in Sources */ = {isa = PBXBuildFile; fileRef = A19A4752282292F500FF5A26 /* LoginViewController.swift */; };
		A19A47552822930500FF5A26 /* ProfileViewController.swift in Sources */ = {isa = PBXBuildFile; fileRef = A19A47542822930500FF5A26 /* ProfileViewController.swift */; };
		A19A47572822931A00FF5A26 /* PostsViewController.swift in Sources */ = {isa = PBXBuildFile; fileRef = A19A47562822931A00FF5A26 /* PostsViewController.swift */; };
		A19A47592822A2C700FF5A26 /* UIViewController+Externsions.swift in Sources */ = {isa = PBXBuildFile; fileRef = A19A47582822A2C700FF5A26 /* UIViewController+Externsions.swift */; };
/* End PBXBuildFile section */

/* Begin PBXFileReference section */
		A19A4724282148AE00FF5A26 /* InstagramLocalTestTask.app */ = {isa = PBXFileReference; explicitFileType = wrapper.application; includeInIndex = 0; path = InstagramLocalTestTask.app; sourceTree = BUILT_PRODUCTS_DIR; };
		A19A4727282148AE00FF5A26 /* AppDelegate.swift */ = {isa = PBXFileReference; lastKnownFileType = sourcecode.swift; path = AppDelegate.swift; sourceTree = "<group>"; };
		A19A4729282148AE00FF5A26 /* SceneDelegate.swift */ = {isa = PBXFileReference; lastKnownFileType = sourcecode.swift; path = SceneDelegate.swift; sourceTree = "<group>"; };
		A19A472B282148AE00FF5A26 /* RegistrationViewController.swift */ = {isa = PBXFileReference; lastKnownFileType = sourcecode.swift; path = RegistrationViewController.swift; sourceTree = "<group>"; };
		A19A4731282148AE00FF5A26 /* InstagramLocalTestTask.xcdatamodel */ = {isa = PBXFileReference; lastKnownFileType = wrapper.xcdatamodel; path = InstagramLocalTestTask.xcdatamodel; sourceTree = "<group>"; };
		A19A4733282148B000FF5A26 /* Assets.xcassets */ = {isa = PBXFileReference; lastKnownFileType = folder.assetcatalog; path = Assets.xcassets; sourceTree = "<group>"; };
		A19A4736282148B000FF5A26 /* Base */ = {isa = PBXFileReference; lastKnownFileType = file.storyboard; name = Base; path = Base.lproj/LaunchScreen.storyboard; sourceTree = "<group>"; };
		A19A4738282148B000FF5A26 /* Info.plist */ = {isa = PBXFileReference; lastKnownFileType = text.plist.xml; path = Info.plist; sourceTree = "<group>"; };
		A19A474728214B3900FF5A26 /* Registration.storyboard */ = {isa = PBXFileReference; lastKnownFileType = file.storyboard; path = Registration.storyboard; sourceTree = "<group>"; };
		A19A4749282153F900FF5A26 /* Login.storyboard */ = {isa = PBXFileReference; lastKnownFileType = file.storyboard; path = Login.storyboard; sourceTree = "<group>"; };
		A19A474B2821599400FF5A26 /* Profile.storyboard */ = {isa = PBXFileReference; lastKnownFileType = file.storyboard; path = Profile.storyboard; sourceTree = "<group>"; };
		A19A474D28215A7C00FF5A26 /* TabBar.storyboard */ = {isa = PBXFileReference; lastKnownFileType = file.storyboard; path = TabBar.storyboard; sourceTree = "<group>"; };
		A19A474F2821745400FF5A26 /* Posts.storyboard */ = {isa = PBXFileReference; lastKnownFileType = file.storyboard; path = Posts.storyboard; sourceTree = "<group>"; };
		A19A4752282292F500FF5A26 /* LoginViewController.swift */ = {isa = PBXFileReference; lastKnownFileType = sourcecode.swift; path = LoginViewController.swift; sourceTree = "<group>"; };
		A19A47542822930500FF5A26 /* ProfileViewController.swift */ = {isa = PBXFileReference; lastKnownFileType = sourcecode.swift; path = ProfileViewController.swift; sourceTree = "<group>"; };
		A19A47562822931A00FF5A26 /* PostsViewController.swift */ = {isa = PBXFileReference; lastKnownFileType = sourcecode.swift; path = PostsViewController.swift; sourceTree = "<group>"; };
		A19A47582822A2C700FF5A26 /* UIViewController+Externsions.swift */ = {isa = PBXFileReference; lastKnownFileType = sourcecode.swift; path = "UIViewController+Externsions.swift"; sourceTree = "<group>"; };
/* End PBXFileReference section */

/* Begin PBXFrameworksBuildPhase section */
		A19A4721282148AE00FF5A26 /* Frameworks */ = {
			isa = PBXFrameworksBuildPhase;
			buildActionMask = 2147483647;
			files = (
			);
			runOnlyForDeploymentPostprocessing = 0;
		};
/* End PBXFrameworksBuildPhase section */

/* Begin PBXGroup section */
		A19A471B282148AE00FF5A26 = {
			isa = PBXGroup;
			children = (
				A19A4726282148AE00FF5A26 /* InstagramLocalTestTask */,
				A19A4725282148AE00FF5A26 /* Products */,
			);
			sourceTree = "<group>";
		};
		A19A4725282148AE00FF5A26 /* Products */ = {
			isa = PBXGroup;
			children = (
				A19A4724282148AE00FF5A26 /* InstagramLocalTestTask.app */,
			);
			name = Products;
			sourceTree = "<group>";
		};
		A19A4726282148AE00FF5A26 /* InstagramLocalTestTask */ = {
			isa = PBXGroup;
			children = (
				A19A473F28214A0A00FF5A26 /* Application */,
				A19A474428214A8400FF5A26 /* Model */,
				A19A474128214A1B00FF5A26 /* View */,
				A19A473E28214A0100FF5A26 /* Controllers */,
				A19A474228214A2900FF5A26 /* Storyboards */,
				A19A474528214AAB00FF5A26 /* CoreData */,
				A19A474328214A7700FF5A26 /* Extensions */,
				A19A474028214A1200FF5A26 /* Resources */,
				A19A4738282148B000FF5A26 /* Info.plist */,
			);
			path = InstagramLocalTestTask;
			sourceTree = "<group>";
		};
		A19A473E28214A0100FF5A26 /* Controllers */ = {
			isa = PBXGroup;
			children = (
				A19A472B282148AE00FF5A26 /* RegistrationViewController.swift */,
				A19A4752282292F500FF5A26 /* LoginViewController.swift */,
				A19A47542822930500FF5A26 /* ProfileViewController.swift */,
				A19A47562822931A00FF5A26 /* PostsViewController.swift */,
			);
			path = Controllers;
			sourceTree = "<group>";
		};
		A19A473F28214A0A00FF5A26 /* Application */ = {
			isa = PBXGroup;
			children = (
				A19A4727282148AE00FF5A26 /* AppDelegate.swift */,
				A19A4729282148AE00FF5A26 /* SceneDelegate.swift */,
			);
			path = Application;
			sourceTree = "<group>";
		};
		A19A474028214A1200FF5A26 /* Resources */ = {
			isa = PBXGroup;
			children = (
				A19A4733282148B000FF5A26 /* Assets.xcassets */,
				A19A4735282148B000FF5A26 /* LaunchScreen.storyboard */,
			);
			path = Resources;
			sourceTree = "<group>";
		};
		A19A474128214A1B00FF5A26 /* View */ = {
			isa = PBXGroup;
			children = (
				A19A4751282179E600FF5A26 /* XIB */,
			);
			path = View;
			sourceTree = "<group>";
		};
		A19A474228214A2900FF5A26 /* Storyboards */ = {
			isa = PBXGroup;
			children = (
				A19A474D28215A7C00FF5A26 /* TabBar.storyboard */,
				A19A474728214B3900FF5A26 /* Registration.storyboard */,
				A19A4749282153F900FF5A26 /* Login.storyboard */,
				A19A474B2821599400FF5A26 /* Profile.storyboard */,
				A19A474F2821745400FF5A26 /* Posts.storyboard */,
			);
			path = Storyboards;
			sourceTree = "<group>";
		};
		A19A474328214A7700FF5A26 /* Extensions */ = {
			isa = PBXGroup;
			children = (
				A19A47582822A2C700FF5A26 /* UIViewController+Externsions.swift */,
			);
			path = Extensions;
			sourceTree = "<group>";
		};
		A19A474428214A8400FF5A26 /* Model */ = {
			isa = PBXGroup;
			children = (
			);
			path = Model;
			sourceTree = "<group>";
		};
		A19A474528214AAB00FF5A26 /* CoreData */ = {
			isa = PBXGroup;
			children = (
				A19A4730282148AE00FF5A26 /* InstagramLocalTestTask.xcdatamodeld */,
			);
			path = CoreData;
			sourceTree = "<group>";
		};
		A19A4751282179E600FF5A26 /* XIB */ = {
			isa = PBXGroup;
			children = (
			);
			path = XIB;
			sourceTree = "<group>";
		};
/* End PBXGroup section */

/* Begin PBXNativeTarget section */
		A19A4723282148AE00FF5A26 /* InstagramLocalTestTask */ = {
			isa = PBXNativeTarget;
			buildConfigurationList = A19A473B282148B000FF5A26 /* Build configuration list for PBXNativeTarget "InstagramLocalTestTask" */;
			buildPhases = (
				A19A4720282148AE00FF5A26 /* Sources */,
				A19A4721282148AE00FF5A26 /* Frameworks */,
				A19A4722282148AE00FF5A26 /* Resources */,
			);
			buildRules = (
			);
			dependencies = (
			);
			name = InstagramLocalTestTask;
			productName = InstagramLocalTestTask;
			productReference = A19A4724282148AE00FF5A26 /* InstagramLocalTestTask.app */;
			productType = "com.apple.product-type.application";
		};
/* End PBXNativeTarget section */

/* Begin PBXProject section */
		A19A471C282148AE00FF5A26 /* Project object */ = {
			isa = PBXProject;
			attributes = {
				BuildIndependentTargetsInParallel = 1;
				LastSwiftUpdateCheck = 1330;
				LastUpgradeCheck = 1330;
				TargetAttributes = {
					A19A4723282148AE00FF5A26 = {
						CreatedOnToolsVersion = 13.3.1;
					};
				};
			};
			buildConfigurationList = A19A471F282148AE00FF5A26 /* Build configuration list for PBXProject "InstagramLocalTestTask" */;
			compatibilityVersion = "Xcode 13.0";
			developmentRegion = en;
			hasScannedForEncodings = 0;
			knownRegions = (
				en,
				Base,
			);
			mainGroup = A19A471B282148AE00FF5A26;
			productRefGroup = A19A4725282148AE00FF5A26 /* Products */;
			projectDirPath = "";
			projectRoot = "";
			targets = (
				A19A4723282148AE00FF5A26 /* InstagramLocalTestTask */,
			);
		};
/* End PBXProject section */

/* Begin PBXResourcesBuildPhase section */
		A19A4722282148AE00FF5A26 /* Resources */ = {
			isa = PBXResourcesBuildPhase;
			buildActionMask = 2147483647;
			files = (
				A19A474A282153F900FF5A26 /* Login.storyboard in Resources */,
				A19A4737282148B000FF5A26 /* LaunchScreen.storyboard in Resources */,
				A19A474C2821599400FF5A26 /* Profile.storyboard in Resources */,
				A19A474828214B3900FF5A26 /* Registration.storyboard in Resources */,
				A19A474E28215A7C00FF5A26 /* TabBar.storyboard in Resources */,
				A19A4734282148B000FF5A26 /* Assets.xcassets in Resources */,
				A19A47502821745400FF5A26 /* Posts.storyboard in Resources */,
			);
			runOnlyForDeploymentPostprocessing = 0;
		};
/* End PBXResourcesBuildPhase section */

/* Begin PBXSourcesBuildPhase section */
		A19A4720282148AE00FF5A26 /* Sources */ = {
			isa = PBXSourcesBuildPhase;
			buildActionMask = 2147483647;
			files = (
				A19A47572822931A00FF5A26 /* PostsViewController.swift in Sources */,
				A19A47592822A2C700FF5A26 /* UIViewController+Externsions.swift in Sources */,
				A19A47552822930500FF5A26 /* ProfileViewController.swift in Sources */,
				A19A472C282148AE00FF5A26 /* RegistrationViewController.swift in Sources */,
				A19A4728282148AE00FF5A26 /* AppDelegate.swift in Sources */,
				A19A472A282148AE00FF5A26 /* SceneDelegate.swift in Sources */,
				A19A4753282292F500FF5A26 /* LoginViewController.swift in Sources */,
				A19A4732282148AE00FF5A26 /* InstagramLocalTestTask.xcdatamodeld in Sources */,
			);
			runOnlyForDeploymentPostprocessing = 0;
		};
/* End PBXSourcesBuildPhase section */

/* Begin PBXVariantGroup section */
		A19A4735282148B000FF5A26 /* LaunchScreen.storyboard */ = {
			isa = PBXVariantGroup;
			children = (
				A19A4736282148B000FF5A26 /* Base */,
			);
			name = LaunchScreen.storyboard;
			sourceTree = "<group>";
		};
/* End PBXVariantGroup section */

/* Begin XCBuildConfiguration section */
		A19A4739282148B000FF5A26 /* Debug */ = {
			isa = XCBuildConfiguration;
			buildSettings = {
				ALWAYS_SEARCH_USER_PATHS = NO;
				CLANG_ANALYZER_NONNULL = YES;
				CLANG_ANALYZER_NUMBER_OBJECT_CONVERSION = YES_AGGRESSIVE;
				CLANG_CXX_LANGUAGE_STANDARD = "gnu++17";
				CLANG_ENABLE_MODULES = YES;
				CLANG_ENABLE_OBJC_ARC = YES;
				CLANG_ENABLE_OBJC_WEAK = YES;
				CLANG_WARN_BLOCK_CAPTURE_AUTORELEASING = YES;
				CLANG_WARN_BOOL_CONVERSION = YES;
				CLANG_WARN_COMMA = YES;
				CLANG_WARN_CONSTANT_CONVERSION = YES;
				CLANG_WARN_DEPRECATED_OBJC_IMPLEMENTATIONS = YES;
				CLANG_WARN_DIRECT_OBJC_ISA_USAGE = YES_ERROR;
				CLANG_WARN_DOCUMENTATION_COMMENTS = YES;
				CLANG_WARN_EMPTY_BODY = YES;
				CLANG_WARN_ENUM_CONVERSION = YES;
				CLANG_WARN_INFINITE_RECURSION = YES;
				CLANG_WARN_INT_CONVERSION = YES;
				CLANG_WARN_NON_LITERAL_NULL_CONVERSION = YES;
				CLANG_WARN_OBJC_IMPLICIT_RETAIN_SELF = YES;
				CLANG_WARN_OBJC_LITERAL_CONVERSION = YES;
				CLANG_WARN_OBJC_ROOT_CLASS = YES_ERROR;
				CLANG_WARN_QUOTED_INCLUDE_IN_FRAMEWORK_HEADER = YES;
				CLANG_WARN_RANGE_LOOP_ANALYSIS = YES;
				CLANG_WARN_STRICT_PROTOTYPES = YES;
				CLANG_WARN_SUSPICIOUS_MOVE = YES;
				CLANG_WARN_UNGUARDED_AVAILABILITY = YES_AGGRESSIVE;
				CLANG_WARN_UNREACHABLE_CODE = YES;
				CLANG_WARN__DUPLICATE_METHOD_MATCH = YES;
				COPY_PHASE_STRIP = NO;
				DEBUG_INFORMATION_FORMAT = dwarf;
				ENABLE_STRICT_OBJC_MSGSEND = YES;
				ENABLE_TESTABILITY = YES;
				GCC_C_LANGUAGE_STANDARD = gnu11;
				GCC_DYNAMIC_NO_PIC = NO;
				GCC_NO_COMMON_BLOCKS = YES;
				GCC_OPTIMIZATION_LEVEL = 0;
				GCC_PREPROCESSOR_DEFINITIONS = (
					"DEBUG=1",
					"$(inherited)",
				);
				GCC_WARN_64_TO_32_BIT_CONVERSION = YES;
				GCC_WARN_ABOUT_RETURN_TYPE = YES_ERROR;
				GCC_WARN_UNDECLARED_SELECTOR = YES;
				GCC_WARN_UNINITIALIZED_AUTOS = YES_AGGRESSIVE;
				GCC_WARN_UNUSED_FUNCTION = YES;
				GCC_WARN_UNUSED_VARIABLE = YES;
				IPHONEOS_DEPLOYMENT_TARGET = 15.4;
				MTL_ENABLE_DEBUG_INFO = INCLUDE_SOURCE;
				MTL_FAST_MATH = YES;
				ONLY_ACTIVE_ARCH = YES;
				SDKROOT = iphoneos;
				SWIFT_ACTIVE_COMPILATION_CONDITIONS = DEBUG;
				SWIFT_OPTIMIZATION_LEVEL = "-Onone";
			};
			name = Debug;
		};
		A19A473A282148B000FF5A26 /* Release */ = {
			isa = XCBuildConfiguration;
			buildSettings = {
				ALWAYS_SEARCH_USER_PATHS = NO;
				CLANG_ANALYZER_NONNULL = YES;
				CLANG_ANALYZER_NUMBER_OBJECT_CONVERSION = YES_AGGRESSIVE;
				CLANG_CXX_LANGUAGE_STANDARD = "gnu++17";
				CLANG_ENABLE_MODULES = YES;
				CLANG_ENABLE_OBJC_ARC = YES;
				CLANG_ENABLE_OBJC_WEAK = YES;
				CLANG_WARN_BLOCK_CAPTURE_AUTORELEASING = YES;
				CLANG_WARN_BOOL_CONVERSION = YES;
				CLANG_WARN_COMMA = YES;
				CLANG_WARN_CONSTANT_CONVERSION = YES;
				CLANG_WARN_DEPRECATED_OBJC_IMPLEMENTATIONS = YES;
				CLANG_WARN_DIRECT_OBJC_ISA_USAGE = YES_ERROR;
				CLANG_WARN_DOCUMENTATION_COMMENTS = YES;
				CLANG_WARN_EMPTY_BODY = YES;
				CLANG_WARN_ENUM_CONVERSION = YES;
				CLANG_WARN_INFINITE_RECURSION = YES;
				CLANG_WARN_INT_CONVERSION = YES;
				CLANG_WARN_NON_LITERAL_NULL_CONVERSION = YES;
				CLANG_WARN_OBJC_IMPLICIT_RETAIN_SELF = YES;
				CLANG_WARN_OBJC_LITERAL_CONVERSION = YES;
				CLANG_WARN_OBJC_ROOT_CLASS = YES_ERROR;
				CLANG_WARN_QUOTED_INCLUDE_IN_FRAMEWORK_HEADER = YES;
				CLANG_WARN_RANGE_LOOP_ANALYSIS = YES;
				CLANG_WARN_STRICT_PROTOTYPES = YES;
				CLANG_WARN_SUSPICIOUS_MOVE = YES;
				CLANG_WARN_UNGUARDED_AVAILABILITY = YES_AGGRESSIVE;
				CLANG_WARN_UNREACHABLE_CODE = YES;
				CLANG_WARN__DUPLICATE_METHOD_MATCH = YES;
				COPY_PHASE_STRIP = NO;
				DEBUG_INFORMATION_FORMAT = "dwarf-with-dsym";
				ENABLE_NS_ASSERTIONS = NO;
				ENABLE_STRICT_OBJC_MSGSEND = YES;
				GCC_C_LANGUAGE_STANDARD = gnu11;
				GCC_NO_COMMON_BLOCKS = YES;
				GCC_WARN_64_TO_32_BIT_CONVERSION = YES;
				GCC_WARN_ABOUT_RETURN_TYPE = YES_ERROR;
				GCC_WARN_UNDECLARED_SELECTOR = YES;
				GCC_WARN_UNINITIALIZED_AUTOS = YES_AGGRESSIVE;
				GCC_WARN_UNUSED_FUNCTION = YES;
				GCC_WARN_UNUSED_VARIABLE = YES;
				IPHONEOS_DEPLOYMENT_TARGET = 15.4;
				MTL_ENABLE_DEBUG_INFO = NO;
				MTL_FAST_MATH = YES;
				SDKROOT = iphoneos;
				SWIFT_COMPILATION_MODE = wholemodule;
				SWIFT_OPTIMIZATION_LEVEL = "-O";
				VALIDATE_PRODUCT = YES;
			};
			name = Release;
		};
		A19A473C282148B000FF5A26 /* Debug */ = {
			isa = XCBuildConfiguration;
			buildSettings = {
				ASSETCATALOG_COMPILER_APPICON_NAME = AppIcon;
				ASSETCATALOG_COMPILER_GLOBAL_ACCENT_COLOR_NAME = AccentColor;
				CODE_SIGN_STYLE = Automatic;
				CURRENT_PROJECT_VERSION = 1;
				DEVELOPMENT_TEAM = A55B4JSB5L;
				GENERATE_INFOPLIST_FILE = YES;
				INFOPLIST_FILE = InstagramLocalTestTask/Info.plist;
				INFOPLIST_KEY_UIApplicationSupportsIndirectInputEvents = YES;
				INFOPLIST_KEY_UILaunchStoryboardName = LaunchScreen;
				INFOPLIST_KEY_UIMainStoryboardFile = Registration;
				INFOPLIST_KEY_UISupportedInterfaceOrientations = UIInterfaceOrientationPortrait;
				INFOPLIST_KEY_UISupportedInterfaceOrientations_iPad = "UIInterfaceOrientationPortrait UIInterfaceOrientationPortraitUpsideDown UIInterfaceOrientationLandscapeLeft UIInterfaceOrientationLandscapeRight";
				INFOPLIST_KEY_UISupportedInterfaceOrientations_iPhone = "UIInterfaceOrientationPortrait UIInterfaceOrientationLandscapeLeft UIInterfaceOrientationLandscapeRight";
				LD_RUNPATH_SEARCH_PATHS = (
					"$(inherited)",
					"@executable_path/Frameworks",
				);
				MARKETING_VERSION = 1.0;
				PRODUCT_BUNDLE_IDENTIFIER = com.oksana.poliakova.InstagramLocalTestTask;
				PRODUCT_NAME = "$(TARGET_NAME)";
				SWIFT_EMIT_LOC_STRINGS = YES;
				SWIFT_VERSION = 5.0;
				TARGETED_DEVICE_FAMILY = "1,2";
			};
			name = Debug;
		};
		A19A473D282148B000FF5A26 /* Release */ = {
			isa = XCBuildConfiguration;
			buildSettings = {
				ASSETCATALOG_COMPILER_APPICON_NAME = AppIcon;
				ASSETCATALOG_COMPILER_GLOBAL_ACCENT_COLOR_NAME = AccentColor;
				CODE_SIGN_STYLE = Automatic;
				CURRENT_PROJECT_VERSION = 1;
				DEVELOPMENT_TEAM = A55B4JSB5L;
				GENERATE_INFOPLIST_FILE = YES;
				INFOPLIST_FILE = InstagramLocalTestTask/Info.plist;
				INFOPLIST_KEY_UIApplicationSupportsIndirectInputEvents = YES;
				INFOPLIST_KEY_UILaunchStoryboardName = LaunchScreen;
				INFOPLIST_KEY_UIMainStoryboardFile = Registration;
				INFOPLIST_KEY_UISupportedInterfaceOrientations = UIInterfaceOrientationPortrait;
				INFOPLIST_KEY_UISupportedInterfaceOrientations_iPad = "UIInterfaceOrientationPortrait UIInterfaceOrientationPortraitUpsideDown UIInterfaceOrientationLandscapeLeft UIInterfaceOrientationLandscapeRight";
				INFOPLIST_KEY_UISupportedInterfaceOrientations_iPhone = "UIInterfaceOrientationPortrait UIInterfaceOrientationLandscapeLeft UIInterfaceOrientationLandscapeRight";
				LD_RUNPATH_SEARCH_PATHS = (
					"$(inherited)",
					"@executable_path/Frameworks",
				);
				MARKETING_VERSION = 1.0;
				PRODUCT_BUNDLE_IDENTIFIER = com.oksana.poliakova.InstagramLocalTestTask;
				PRODUCT_NAME = "$(TARGET_NAME)";
				SWIFT_EMIT_LOC_STRINGS = YES;
				SWIFT_VERSION = 5.0;
				TARGETED_DEVICE_FAMILY = "1,2";
			};
			name = Release;
		};
/* End XCBuildConfiguration section */

/* Begin XCConfigurationList section */
		A19A471F282148AE00FF5A26 /* Build configuration list for PBXProject "InstagramLocalTestTask" */ = {
			isa = XCConfigurationList;
			buildConfigurations = (
				A19A4739282148B000FF5A26 /* Debug */,
				A19A473A282148B000FF5A26 /* Release */,
			);
			defaultConfigurationIsVisible = 0;
			defaultConfigurationName = Release;
		};
		A19A473B282148B000FF5A26 /* Build configuration list for PBXNativeTarget "InstagramLocalTestTask" */ = {
			isa = XCConfigurationList;
			buildConfigurations = (
				A19A473C282148B000FF5A26 /* Debug */,
				A19A473D282148B000FF5A26 /* Release */,
			);
			defaultConfigurationIsVisible = 0;
			defaultConfigurationName = Release;
		};
/* End XCConfigurationList section */

/* Begin XCVersionGroup section */
		A19A4730282148AE00FF5A26 /* InstagramLocalTestTask.xcdatamodeld */ = {
			isa = XCVersionGroup;
			children = (
				A19A4731282148AE00FF5A26 /* InstagramLocalTestTask.xcdatamodel */,
			);
			currentVersion = A19A4731282148AE00FF5A26 /* InstagramLocalTestTask.xcdatamodel */;
			path = InstagramLocalTestTask.xcdatamodeld;
			sourceTree = "<group>";
			versionGroupType = wrapper.xcdatamodel;
		};
/* End XCVersionGroup section */
	};
	rootObject = A19A471C282148AE00FF5A26 /* Project object */;
}
